
Microsoft Visual Studio Solution File, Format Version 12.00
# Visual Studio 15
VisualStudioVersion = 15.0.27703.2035
MinimumVisualStudioVersion = 10.0.40219.1
Project("{F184B08F-C81C-45F6-A57F-5ABD9991F28F}") = "Training", "Training.vbproj", "{76565395-B88E-4EFE-A094-E375DBB8FC17}"
EndProject
Global
	GlobalSection(SolutionConfigurationPlatforms) = preSolution
		Debug|Any CPU = Debug|Any CPU
		Release|Any CPU = Release|Any CPU
	EndGlobalSection
	GlobalSection(ProjectConfigurationPlatforms) = postSolution
		{76565395-B88E-4EFE-A094-E375DBB8FC17}.Debug|Any CPU.ActiveCfg = Debug|Any CPU
		{76565395-B88E-4EFE-A094-E375DBB8FC17}.Debug|Any CPU.Build.0 = Debug|Any CPU
		{76565395-B88E-4EFE-A094-E375DBB8FC17}.Release|Any CPU.ActiveCfg = Release|Any CPU
		{76565395-B88E-4EFE-A094-E375DBB8FC17}.Release|Any CPU.Build.0 = Release|Any CPU
	EndGlobalSection
	GlobalSection(SolutionProperties) = preSolution
		HideSolutionNode = FALSE
	EndGlobalSection
	GlobalSection(ExtensibilityGlobals) = postSolution
		SolutionGuid = {A0D62CA9-20D8-4336-9BBE-1E275FA034A2}
	EndGlobalSection
EndGlobal
